// !$*UTF8*$!
{
	archiveVersion = 1;
	classes = {
	};
	objectVersion = 48;
	objects = {

/* Begin PBXBuildFile section */
		04B68DFF8F86B2B5A3D96978 /* Pods_OMDBSimpleClientUITests.framework in Frameworks */ = {isa = PBXBuildFile; fileRef = B060C836FAA4B6D8D739CBB7 /* Pods_OMDBSimpleClientUITests.framework */; };
		1F58204FC9658B387631068B /* Pods_OMDBSimpleClient.framework in Frameworks */ = {isa = PBXBuildFile; fileRef = A2FA574CD553BA9CD310C7AE /* Pods_OMDBSimpleClient.framework */; };
		45BEA303D1739950AE2D6DC7 /* Pods_OMDBSimpleClientTests.framework in Frameworks */ = {isa = PBXBuildFile; fileRef = FDE0D819392E2ECF68EEA098 /* Pods_OMDBSimpleClientTests.framework */; };
		ECCA27C11FA4EE5100D4CFD5 /* AppDelegate.swift in Sources */ = {isa = PBXBuildFile; fileRef = ECCA27C01FA4EE5100D4CFD5 /* AppDelegate.swift */; };
		ECCA27C31FA4EE5100D4CFD5 /* ViewController.swift in Sources */ = {isa = PBXBuildFile; fileRef = ECCA27C21FA4EE5100D4CFD5 /* ViewController.swift */; };
		ECCA27C61FA4EE5100D4CFD5 /* Main.storyboard in Resources */ = {isa = PBXBuildFile; fileRef = ECCA27C41FA4EE5100D4CFD5 /* Main.storyboard */; };
		ECCA27C81FA4EE5100D4CFD5 /* Assets.xcassets in Resources */ = {isa = PBXBuildFile; fileRef = ECCA27C71FA4EE5100D4CFD5 /* Assets.xcassets */; };
		ECCA27CB1FA4EE5100D4CFD5 /* LaunchScreen.storyboard in Resources */ = {isa = PBXBuildFile; fileRef = ECCA27C91FA4EE5100D4CFD5 /* LaunchScreen.storyboard */; };
		ECCA27D61FA4EE5100D4CFD5 /* OMDBSimpleClientTests.swift in Sources */ = {isa = PBXBuildFile; fileRef = ECCA27D51FA4EE5100D4CFD5 /* OMDBSimpleClientTests.swift */; };
		ECCA27E11FA4EE5100D4CFD5 /* OMDBSimpleClientUITests.swift in Sources */ = {isa = PBXBuildFile; fileRef = ECCA27E01FA4EE5100D4CFD5 /* OMDBSimpleClientUITests.swift */; };
/* End PBXBuildFile section */

/* Begin PBXContainerItemProxy section */
		ECCA27D21FA4EE5100D4CFD5 /* PBXContainerItemProxy */ = {
			isa = PBXContainerItemProxy;
			containerPortal = ECCA27B51FA4EE5100D4CFD5 /* Project object */;
			proxyType = 1;
			remoteGlobalIDString = ECCA27BC1FA4EE5100D4CFD5;
			remoteInfo = OMDBSimpleClient;
		};
		ECCA27DD1FA4EE5100D4CFD5 /* PBXContainerItemProxy */ = {
			isa = PBXContainerItemProxy;
			containerPortal = ECCA27B51FA4EE5100D4CFD5 /* Project object */;
			proxyType = 1;
			remoteGlobalIDString = ECCA27BC1FA4EE5100D4CFD5;
			remoteInfo = OMDBSimpleClient;
		};
/* End PBXContainerItemProxy section */

/* Begin PBXFileReference section */
		612500EDA25B44AA4FDDBBCA /* Pods-OMDBSimpleClientUITests.debug.xcconfig */ = {isa = PBXFileReference; includeInIndex = 1; lastKnownFileType = text.xcconfig; name = "Pods-OMDBSimpleClientUITests.debug.xcconfig"; path = "Pods/Target Support Files/Pods-OMDBSimpleClientUITests/Pods-OMDBSimpleClientUITests.debug.xcconfig"; sourceTree = "<group>"; };
		6A6C4425E9EACEF99D031CDF /* Pods-OMDBSimpleClient.debug.xcconfig */ = {isa = PBXFileReference; includeInIndex = 1; lastKnownFileType = text.xcconfig; name = "Pods-OMDBSimpleClient.debug.xcconfig"; path = "Pods/Target Support Files/Pods-OMDBSimpleClient/Pods-OMDBSimpleClient.debug.xcconfig"; sourceTree = "<group>"; };
		917FC7185ED37F868FC62F7F /* Pods-OMDBSimpleClientUITests.release.xcconfig */ = {isa = PBXFileReference; includeInIndex = 1; lastKnownFileType = text.xcconfig; name = "Pods-OMDBSimpleClientUITests.release.xcconfig"; path = "Pods/Target Support Files/Pods-OMDBSimpleClientUITests/Pods-OMDBSimpleClientUITests.release.xcconfig"; sourceTree = "<group>"; };
		A2FA574CD553BA9CD310C7AE /* Pods_OMDBSimpleClient.framework */ = {isa = PBXFileReference; explicitFileType = wrapper.framework; includeInIndex = 0; path = Pods_OMDBSimpleClient.framework; sourceTree = BUILT_PRODUCTS_DIR; };
		B060C836FAA4B6D8D739CBB7 /* Pods_OMDBSimpleClientUITests.framework */ = {isa = PBXFileReference; explicitFileType = wrapper.framework; includeInIndex = 0; path = Pods_OMDBSimpleClientUITests.framework; sourceTree = BUILT_PRODUCTS_DIR; };
		DE0D922AF19E214C280F9FBF /* Pods-OMDBSimpleClientTests.release.xcconfig */ = {isa = PBXFileReference; includeInIndex = 1; lastKnownFileType = text.xcconfig; name = "Pods-OMDBSimpleClientTests.release.xcconfig"; path = "Pods/Target Support Files/Pods-OMDBSimpleClientTests/Pods-OMDBSimpleClientTests.release.xcconfig"; sourceTree = "<group>"; };
		ECCA27BD1FA4EE5100D4CFD5 /* OMDBSimpleClient.app */ = {isa = PBXFileReference; explicitFileType = wrapper.application; includeInIndex = 0; path = OMDBSimpleClient.app; sourceTree = BUILT_PRODUCTS_DIR; };
		ECCA27C01FA4EE5100D4CFD5 /* AppDelegate.swift */ = {isa = PBXFileReference; lastKnownFileType = sourcecode.swift; path = AppDelegate.swift; sourceTree = "<group>"; };
		ECCA27C21FA4EE5100D4CFD5 /* ViewController.swift */ = {isa = PBXFileReference; lastKnownFileType = sourcecode.swift; path = ViewController.swift; sourceTree = "<group>"; };
		ECCA27C51FA4EE5100D4CFD5 /* Base */ = {isa = PBXFileReference; lastKnownFileType = file.storyboard; name = Base; path = Base.lproj/Main.storyboard; sourceTree = "<group>"; };
		ECCA27C71FA4EE5100D4CFD5 /* Assets.xcassets */ = {isa = PBXFileReference; lastKnownFileType = folder.assetcatalog; path = Assets.xcassets; sourceTree = "<group>"; };
		ECCA27CA1FA4EE5100D4CFD5 /* Base */ = {isa = PBXFileReference; lastKnownFileType = file.storyboard; name = Base; path = Base.lproj/LaunchScreen.storyboard; sourceTree = "<group>"; };
		ECCA27CC1FA4EE5100D4CFD5 /* Info.plist */ = {isa = PBXFileReference; lastKnownFileType = text.plist.xml; path = Info.plist; sourceTree = "<group>"; };
		ECCA27D11FA4EE5100D4CFD5 /* OMDBSimpleClientTests.xctest */ = {isa = PBXFileReference; explicitFileType = wrapper.cfbundle; includeInIndex = 0; path = OMDBSimpleClientTests.xctest; sourceTree = BUILT_PRODUCTS_DIR; };
		ECCA27D51FA4EE5100D4CFD5 /* OMDBSimpleClientTests.swift */ = {isa = PBXFileReference; lastKnownFileType = sourcecode.swift; path = OMDBSimpleClientTests.swift; sourceTree = "<group>"; };
		ECCA27D71FA4EE5100D4CFD5 /* Info.plist */ = {isa = PBXFileReference; lastKnownFileType = text.plist.xml; path = Info.plist; sourceTree = "<group>"; };
		ECCA27DC1FA4EE5100D4CFD5 /* OMDBSimpleClientUITests.xctest */ = {isa = PBXFileReference; explicitFileType = wrapper.cfbundle; includeInIndex = 0; path = OMDBSimpleClientUITests.xctest; sourceTree = BUILT_PRODUCTS_DIR; };
		ECCA27E01FA4EE5100D4CFD5 /* OMDBSimpleClientUITests.swift */ = {isa = PBXFileReference; lastKnownFileType = sourcecode.swift; path = OMDBSimpleClientUITests.swift; sourceTree = "<group>"; };
		ECCA27E21FA4EE5100D4CFD5 /* Info.plist */ = {isa = PBXFileReference; lastKnownFileType = text.plist.xml; path = Info.plist; sourceTree = "<group>"; };
		F369A8DEA0D088F627171A2A /* Pods-OMDBSimpleClientTests.debug.xcconfig */ = {isa = PBXFileReference; includeInIndex = 1; lastKnownFileType = text.xcconfig; name = "Pods-OMDBSimpleClientTests.debug.xcconfig"; path = "Pods/Target Support Files/Pods-OMDBSimpleClientTests/Pods-OMDBSimpleClientTests.debug.xcconfig"; sourceTree = "<group>"; };
		FDE0D819392E2ECF68EEA098 /* Pods_OMDBSimpleClientTests.framework */ = {isa = PBXFileReference; explicitFileType = wrapper.framework; includeInIndex = 0; path = Pods_OMDBSimpleClientTests.framework; sourceTree = BUILT_PRODUCTS_DIR; };
		FEA246D377F010BDEE292C37 /* Pods-OMDBSimpleClient.release.xcconfig */ = {isa = PBXFileReference; includeInIndex = 1; lastKnownFileType = text.xcconfig; name = "Pods-OMDBSimpleClient.release.xcconfig"; path = "Pods/Target Support Files/Pods-OMDBSimpleClient/Pods-OMDBSimpleClient.release.xcconfig"; sourceTree = "<group>"; };
/* End PBXFileReference section */

/* Begin PBXFrameworksBuildPhase section */
		ECCA27BA1FA4EE5100D4CFD5 /* Frameworks */ = {
			isa = PBXFrameworksBuildPhase;
			buildActionMask = 2147483647;
			files = (
				1F58204FC9658B387631068B /* Pods_OMDBSimpleClient.framework in Frameworks */,
			);
			runOnlyForDeploymentPostprocessing = 0;
		};
		ECCA27CE1FA4EE5100D4CFD5 /* Frameworks */ = {
			isa = PBXFrameworksBuildPhase;
			buildActionMask = 2147483647;
			files = (
				45BEA303D1739950AE2D6DC7 /* Pods_OMDBSimpleClientTests.framework in Frameworks */,
			);
			runOnlyForDeploymentPostprocessing = 0;
		};
		ECCA27D91FA4EE5100D4CFD5 /* Frameworks */ = {
			isa = PBXFrameworksBuildPhase;
			buildActionMask = 2147483647;
			files = (
				04B68DFF8F86B2B5A3D96978 /* Pods_OMDBSimpleClientUITests.framework in Frameworks */,
			);
			runOnlyForDeploymentPostprocessing = 0;
		};
/* End PBXFrameworksBuildPhase section */

/* Begin PBXGroup section */
		143AF2753E4CEF9ABF67E469 /* Frameworks */ = {
			isa = PBXGroup;
			children = (
				A2FA574CD553BA9CD310C7AE /* Pods_OMDBSimpleClient.framework */,
				FDE0D819392E2ECF68EEA098 /* Pods_OMDBSimpleClientTests.framework */,
				B060C836FAA4B6D8D739CBB7 /* Pods_OMDBSimpleClientUITests.framework */,
			);
			name = Frameworks;
			sourceTree = "<group>";
		};
		7E9B198D56D84D9DEB19A74B /* Pods */ = {
			isa = PBXGroup;
			children = (
				6A6C4425E9EACEF99D031CDF /* Pods-OMDBSimpleClient.debug.xcconfig */,
				FEA246D377F010BDEE292C37 /* Pods-OMDBSimpleClient.release.xcconfig */,
				F369A8DEA0D088F627171A2A /* Pods-OMDBSimpleClientTests.debug.xcconfig */,
				DE0D922AF19E214C280F9FBF /* Pods-OMDBSimpleClientTests.release.xcconfig */,
				612500EDA25B44AA4FDDBBCA /* Pods-OMDBSimpleClientUITests.debug.xcconfig */,
				917FC7185ED37F868FC62F7F /* Pods-OMDBSimpleClientUITests.release.xcconfig */,
			);
			name = Pods;
			sourceTree = "<group>";
		};
		ECCA27B41FA4EE5100D4CFD5 = {
			isa = PBXGroup;
			children = (
				ECCA27BF1FA4EE5100D4CFD5 /* OMDBSimpleClient */,
				ECCA27D41FA4EE5100D4CFD5 /* OMDBSimpleClientTests */,
				ECCA27DF1FA4EE5100D4CFD5 /* OMDBSimpleClientUITests */,
				ECCA27BE1FA4EE5100D4CFD5 /* Products */,
				7E9B198D56D84D9DEB19A74B /* Pods */,
				143AF2753E4CEF9ABF67E469 /* Frameworks */,
			);
			sourceTree = "<group>";
		};
		ECCA27BE1FA4EE5100D4CFD5 /* Products */ = {
			isa = PBXGroup;
			children = (
				ECCA27BD1FA4EE5100D4CFD5 /* OMDBSimpleClient.app */,
				ECCA27D11FA4EE5100D4CFD5 /* OMDBSimpleClientTests.xctest */,
				ECCA27DC1FA4EE5100D4CFD5 /* OMDBSimpleClientUITests.xctest */,
			);
			name = Products;
			sourceTree = "<group>";
		};
		ECCA27BF1FA4EE5100D4CFD5 /* OMDBSimpleClient */ = {
			isa = PBXGroup;
			children = (
				ECCA27C01FA4EE5100D4CFD5 /* AppDelegate.swift */,
				ECCA27C21FA4EE5100D4CFD5 /* ViewController.swift */,
				ECCA27C41FA4EE5100D4CFD5 /* Main.storyboard */,
				ECCA27C71FA4EE5100D4CFD5 /* Assets.xcassets */,
				ECCA27C91FA4EE5100D4CFD5 /* LaunchScreen.storyboard */,
				ECCA27CC1FA4EE5100D4CFD5 /* Info.plist */,
			);
			path = OMDBSimpleClient;
			sourceTree = "<group>";
		};
		ECCA27D41FA4EE5100D4CFD5 /* OMDBSimpleClientTests */ = {
			isa = PBXGroup;
			children = (
				ECCA27D51FA4EE5100D4CFD5 /* OMDBSimpleClientTests.swift */,
				ECCA27D71FA4EE5100D4CFD5 /* Info.plist */,
			);
			path = OMDBSimpleClientTests;
			sourceTree = "<group>";
		};
		ECCA27DF1FA4EE5100D4CFD5 /* OMDBSimpleClientUITests */ = {
			isa = PBXGroup;
			children = (
				ECCA27E01FA4EE5100D4CFD5 /* OMDBSimpleClientUITests.swift */,
				ECCA27E21FA4EE5100D4CFD5 /* Info.plist */,
			);
			path = OMDBSimpleClientUITests;
			sourceTree = "<group>";
		};
/* End PBXGroup section */

/* Begin PBXNativeTarget section */
		ECCA27BC1FA4EE5100D4CFD5 /* OMDBSimpleClient */ = {
			isa = PBXNativeTarget;
			buildConfigurationList = ECCA27E51FA4EE5100D4CFD5 /* Build configuration list for PBXNativeTarget "OMDBSimpleClient" */;
			buildPhases = (
				A2FF5CB2F55CC3C117ED9EA1 /* [CP] Check Pods Manifest.lock */,
				ECCA27B91FA4EE5100D4CFD5 /* Sources */,
				ECCA27BA1FA4EE5100D4CFD5 /* Frameworks */,
				ECCA27BB1FA4EE5100D4CFD5 /* Resources */,
				E72016932499247980BA977B /* [CP] Embed Pods Frameworks */,
				02AB9F148D577A295686B66D /* [CP] Copy Pods Resources */,
			);
			buildRules = (
			);
			dependencies = (
			);
			name = OMDBSimpleClient;
			productName = OMDBSimpleClient;
			productReference = ECCA27BD1FA4EE5100D4CFD5 /* OMDBSimpleClient.app */;
			productType = "com.apple.product-type.application";
		};
		ECCA27D01FA4EE5100D4CFD5 /* OMDBSimpleClientTests */ = {
			isa = PBXNativeTarget;
			buildConfigurationList = ECCA27E81FA4EE5100D4CFD5 /* Build configuration list for PBXNativeTarget "OMDBSimpleClientTests" */;
			buildPhases = (
				0F00FE6BAC9AACD84646828F /* [CP] Check Pods Manifest.lock */,
				ECCA27CD1FA4EE5100D4CFD5 /* Sources */,
				ECCA27CE1FA4EE5100D4CFD5 /* Frameworks */,
				ECCA27CF1FA4EE5100D4CFD5 /* Resources */,
				400FC7080273119BC1EF7619 /* [CP] Embed Pods Frameworks */,
				AD5A38B12ED501D5FF49385F /* [CP] Copy Pods Resources */,
			);
			buildRules = (
			);
			dependencies = (
				ECCA27D31FA4EE5100D4CFD5 /* PBXTargetDependency */,
			);
			name = OMDBSimpleClientTests;
			productName = OMDBSimpleClientTests;
			productReference = ECCA27D11FA4EE5100D4CFD5 /* OMDBSimpleClientTests.xctest */;
			productType = "com.apple.product-type.bundle.unit-test";
		};
		ECCA27DB1FA4EE5100D4CFD5 /* OMDBSimpleClientUITests */ = {
			isa = PBXNativeTarget;
			buildConfigurationList = ECCA27EB1FA4EE5100D4CFD5 /* Build configuration list for PBXNativeTarget "OMDBSimpleClientUITests" */;
			buildPhases = (
				D8047296A1597BC686196F08 /* [CP] Check Pods Manifest.lock */,
				ECCA27D81FA4EE5100D4CFD5 /* Sources */,
				ECCA27D91FA4EE5100D4CFD5 /* Frameworks */,
				ECCA27DA1FA4EE5100D4CFD5 /* Resources */,
				323B32692F1936961E5D81DF /* [CP] Embed Pods Frameworks */,
				861C22239228ECC7D1876D2B /* [CP] Copy Pods Resources */,
			);
			buildRules = (
			);
			dependencies = (
				ECCA27DE1FA4EE5100D4CFD5 /* PBXTargetDependency */,
			);
			name = OMDBSimpleClientUITests;
			productName = OMDBSimpleClientUITests;
			productReference = ECCA27DC1FA4EE5100D4CFD5 /* OMDBSimpleClientUITests.xctest */;
			productType = "com.apple.product-type.bundle.ui-testing";
		};
/* End PBXNativeTarget section */

/* Begin PBXProject section */
		ECCA27B51FA4EE5100D4CFD5 /* Project object */ = {
			isa = PBXProject;
			attributes = {
				LastSwiftUpdateCheck = 0900;
				LastUpgradeCheck = 0900;
				ORGANIZATIONNAME = "Daniel San";
				TargetAttributes = {
					ECCA27BC1FA4EE5100D4CFD5 = {
						CreatedOnToolsVersion = 9.0.1;
						ProvisioningStyle = Automatic;
					};
					ECCA27D01FA4EE5100D4CFD5 = {
						CreatedOnToolsVersion = 9.0.1;
						ProvisioningStyle = Automatic;
						TestTargetID = ECCA27BC1FA4EE5100D4CFD5;
					};
					ECCA27DB1FA4EE5100D4CFD5 = {
						CreatedOnToolsVersion = 9.0.1;
						ProvisioningStyle = Automatic;
						TestTargetID = ECCA27BC1FA4EE5100D4CFD5;
					};
				};
			};
			buildConfigurationList = ECCA27B81FA4EE5100D4CFD5 /* Build configuration list for PBXProject "OMDBSimpleClient" */;
			compatibilityVersion = "Xcode 8.0";
			developmentRegion = en;
			hasScannedForEncodings = 0;
			knownRegions = (
				en,
				Base,
			);
			mainGroup = ECCA27B41FA4EE5100D4CFD5;
			productRefGroup = ECCA27BE1FA4EE5100D4CFD5 /* Products */;
			projectDirPath = "";
			projectRoot = "";
			targets = (
				ECCA27BC1FA4EE5100D4CFD5 /* OMDBSimpleClient */,
				ECCA27D01FA4EE5100D4CFD5 /* OMDBSimpleClientTests */,
				ECCA27DB1FA4EE5100D4CFD5 /* OMDBSimpleClientUITests */,
			);
		};
/* End PBXProject section */

/* Begin PBXResourcesBuildPhase section */
		ECCA27BB1FA4EE5100D4CFD5 /* Resources */ = {
			isa = PBXResourcesBuildPhase;
			buildActionMask = 2147483647;
			files = (
				ECCA27CB1FA4EE5100D4CFD5 /* LaunchScreen.storyboard in Resources */,
				ECCA27C81FA4EE5100D4CFD5 /* Assets.xcassets in Resources */,
				ECCA27C61FA4EE5100D4CFD5 /* Main.storyboard in Resources */,
			);
			runOnlyForDeploymentPostprocessing = 0;
		};
		ECCA27CF1FA4EE5100D4CFD5 /* Resources */ = {
			isa = PBXResourcesBuildPhase;
			buildActionMask = 2147483647;
			files = (
			);
			runOnlyForDeploymentPostprocessing = 0;
		};
		ECCA27DA1FA4EE5100D4CFD5 /* Resources */ = {
			isa = PBXResourcesBuildPhase;
			buildActionMask = 2147483647;
			files = (
			);
			runOnlyForDeploymentPostprocessing = 0;
		};
/* End PBXResourcesBuildPhase section */

/* Begin PBXShellScriptBuildPhase section */
		02AB9F148D577A295686B66D /* [CP] Copy Pods Resources */ = {
			isa = PBXShellScriptBuildPhase;
			buildActionMask = 2147483647;
			files = (
			);
			inputPaths = (
			);
			name = "[CP] Copy Pods Resources";
			outputPaths = (
			);
			runOnlyForDeploymentPostprocessing = 0;
			shellPath = /bin/sh;
			shellScript = "\"${SRCROOT}/Pods/Target Support Files/Pods-OMDBSimpleClient/Pods-OMDBSimpleClient-resources.sh\"\n";
			showEnvVarsInLog = 0;
		};
		0F00FE6BAC9AACD84646828F /* [CP] Check Pods Manifest.lock */ = {
			isa = PBXShellScriptBuildPhase;
			buildActionMask = 2147483647;
			files = (
			);
			inputPaths = (
				"${PODS_PODFILE_DIR_PATH}/Podfile.lock",
				"${PODS_ROOT}/Manifest.lock",
			);
			name = "[CP] Check Pods Manifest.lock";
			outputPaths = (
				"$(DERIVED_FILE_DIR)/Pods-OMDBSimpleClientTests-checkManifestLockResult.txt",
			);
			runOnlyForDeploymentPostprocessing = 0;
			shellPath = /bin/sh;
			shellScript = "diff \"${PODS_PODFILE_DIR_PATH}/Podfile.lock\" \"${PODS_ROOT}/Manifest.lock\" > /dev/null\nif [ $? != 0 ] ; then\n    # print error to STDERR\n    echo \"error: The sandbox is not in sync with the Podfile.lock. Run 'pod install' or update your CocoaPods installation.\" >&2\n    exit 1\nfi\n# This output is used by Xcode 'outputs' to avoid re-running this script phase.\necho \"SUCCESS\" > \"${SCRIPT_OUTPUT_FILE_0}\"\n";
			showEnvVarsInLog = 0;
		};
		323B32692F1936961E5D81DF /* [CP] Embed Pods Frameworks */ = {
			isa = PBXShellScriptBuildPhase;
			buildActionMask = 2147483647;
			files = (
			);
			inputPaths = (
			);
			name = "[CP] Embed Pods Frameworks";
			outputPaths = (
			);
			runOnlyForDeploymentPostprocessing = 0;
			shellPath = /bin/sh;
			shellScript = "\"${SRCROOT}/Pods/Target Support Files/Pods-OMDBSimpleClientUITests/Pods-OMDBSimpleClientUITests-frameworks.sh\"\n";
			showEnvVarsInLog = 0;
		};
		400FC7080273119BC1EF7619 /* [CP] Embed Pods Frameworks */ = {
			isa = PBXShellScriptBuildPhase;
			buildActionMask = 2147483647;
			files = (
			);
			inputPaths = (
			);
			name = "[CP] Embed Pods Frameworks";
			outputPaths = (
			);
			runOnlyForDeploymentPostprocessing = 0;
			shellPath = /bin/sh;
			shellScript = "\"${SRCROOT}/Pods/Target Support Files/Pods-OMDBSimpleClientTests/Pods-OMDBSimpleClientTests-frameworks.sh\"\n";
			showEnvVarsInLog = 0;
		};
		861C22239228ECC7D1876D2B /* [CP] Copy Pods Resources */ = {
			isa = PBXShellScriptBuildPhase;
			buildActionMask = 2147483647;
			files = (
			);
			inputPaths = (
			);
			name = "[CP] Copy Pods Resources";
			outputPaths = (
			);
			runOnlyForDeploymentPostprocessing = 0;
			shellPath = /bin/sh;
			shellScript = "\"${SRCROOT}/Pods/Target Support Files/Pods-OMDBSimpleClientUITests/Pods-OMDBSimpleClientUITests-resources.sh\"\n";
			showEnvVarsInLog = 0;
		};
		A2FF5CB2F55CC3C117ED9EA1 /* [CP] Check Pods Manifest.lock */ = {
			isa = PBXShellScriptBuildPhase;
			buildActionMask = 2147483647;
			files = (
			);
			inputPaths = (
				"${PODS_PODFILE_DIR_PATH}/Podfile.lock",
				"${PODS_ROOT}/Manifest.lock",
			);
			name = "[CP] Check Pods Manifest.lock";
			outputPaths = (
				"$(DERIVED_FILE_DIR)/Pods-OMDBSimpleClient-checkManifestLockResult.txt",
			);
			runOnlyForDeploymentPostprocessing = 0;
			shellPath = /bin/sh;
			shellScript = "diff \"${PODS_PODFILE_DIR_PATH}/Podfile.lock\" \"${PODS_ROOT}/Manifest.lock\" > /dev/null\nif [ $? != 0 ] ; then\n    # print error to STDERR\n    echo \"error: The sandbox is not in sync with the Podfile.lock. Run 'pod install' or update your CocoaPods installation.\" >&2\n    exit 1\nfi\n# This output is used by Xcode 'outputs' to avoid re-running this script phase.\necho \"SUCCESS\" > \"${SCRIPT_OUTPUT_FILE_0}\"\n";
			showEnvVarsInLog = 0;
		};
		AD5A38B12ED501D5FF49385F /* [CP] Copy Pods Resources */ = {
			isa = PBXShellScriptBuildPhase;
			buildActionMask = 2147483647;
			files = (
			);
			inputPaths = (
			);
			name = "[CP] Copy Pods Resources";
			outputPaths = (
			);
			runOnlyForDeploymentPostprocessing = 0;
			shellPath = /bin/sh;
			shellScript = "\"${SRCROOT}/Pods/Target Support Files/Pods-OMDBSimpleClientTests/Pods-OMDBSimpleClientTests-resources.sh\"\n";
			showEnvVarsInLog = 0;
		};
		D8047296A1597BC686196F08 /* [CP] Check Pods Manifest.lock */ = {
			isa = PBXShellScriptBuildPhase;
			buildActionMask = 2147483647;
			files = (
			);
			inputPaths = (
				"${PODS_PODFILE_DIR_PATH}/Podfile.lock",
				"${PODS_ROOT}/Manifest.lock",
			);
			name = "[CP] Check Pods Manifest.lock";
			outputPaths = (
				"$(DERIVED_FILE_DIR)/Pods-OMDBSimpleClientUITests-checkManifestLockResult.txt",
			);
			runOnlyForDeploymentPostprocessing = 0;
			shellPath = /bin/sh;
			shellScript = "diff \"${PODS_PODFILE_DIR_PATH}/Podfile.lock\" \"${PODS_ROOT}/Manifest.lock\" > /dev/null\nif [ $? != 0 ] ; then\n    # print error to STDERR\n    echo \"error: The sandbox is not in sync with the Podfile.lock. Run 'pod install' or update your CocoaPods installation.\" >&2\n    exit 1\nfi\n# This output is used by Xcode 'outputs' to avoid re-running this script phase.\necho \"SUCCESS\" > \"${SCRIPT_OUTPUT_FILE_0}\"\n";
			showEnvVarsInLog = 0;
		};
		E72016932499247980BA977B /* [CP] Embed Pods Frameworks */ = {
			isa = PBXShellScriptBuildPhase;
			buildActionMask = 2147483647;
			files = (
			);
			inputPaths = (
				"${SRCROOT}/Pods/Target Support Files/Pods-OMDBSimpleClient/Pods-OMDBSimpleClient-frameworks.sh",
				"${BUILT_PRODUCTS_DIR}/Alamofire/Alamofire.framework",
				"${BUILT_PRODUCTS_DIR}/Realm/Realm.framework",
				"${BUILT_PRODUCTS_DIR}/RealmSwift/RealmSwift.framework",
				"${BUILT_PRODUCTS_DIR}/RxAlamofire/RxAlamofire.framework",
				"${BUILT_PRODUCTS_DIR}/RxRealm/RxRealm.framework",
				"${BUILT_PRODUCTS_DIR}/RxSwift/RxSwift.framework",
			);
			name = "[CP] Embed Pods Frameworks";
			outputPaths = (
				"${TARGET_BUILD_DIR}/${FRAMEWORKS_FOLDER_PATH}/Alamofire.framework",
				"${TARGET_BUILD_DIR}/${FRAMEWORKS_FOLDER_PATH}/Realm.framework",
				"${TARGET_BUILD_DIR}/${FRAMEWORKS_FOLDER_PATH}/RealmSwift.framework",
				"${TARGET_BUILD_DIR}/${FRAMEWORKS_FOLDER_PATH}/RxAlamofire.framework",
				"${TARGET_BUILD_DIR}/${FRAMEWORKS_FOLDER_PATH}/RxRealm.framework",
				"${TARGET_BUILD_DIR}/${FRAMEWORKS_FOLDER_PATH}/RxSwift.framework",
			);
			runOnlyForDeploymentPostprocessing = 0;
			shellPath = /bin/sh;
			shellScript = "\"${SRCROOT}/Pods/Target Support Files/Pods-OMDBSimpleClient/Pods-OMDBSimpleClient-frameworks.sh\"\n";
			showEnvVarsInLog = 0;
		};
/* End PBXShellScriptBuildPhase section */

/* Begin PBXSourcesBuildPhase section */
		ECCA27B91FA4EE5100D4CFD5 /* Sources */ = {
			isa = PBXSourcesBuildPhase;
			buildActionMask = 2147483647;
			files = (
				ECCA27C31FA4EE5100D4CFD5 /* ViewController.swift in Sources */,
				ECCA27C11FA4EE5100D4CFD5 /* AppDelegate.swift in Sources */,
			);
			runOnlyForDeploymentPostprocessing = 0;
		};
		ECCA27CD1FA4EE5100D4CFD5 /* Sources */ = {
			isa = PBXSourcesBuildPhase;
			buildActionMask = 2147483647;
			files = (
				ECCA27D61FA4EE5100D4CFD5 /* OMDBSimpleClientTests.swift in Sources */,
			);
			runOnlyForDeploymentPostprocessing = 0;
		};
		ECCA27D81FA4EE5100D4CFD5 /* Sources */ = {
			isa = PBXSourcesBuildPhase;
			buildActionMask = 2147483647;
			files = (
				ECCA27E11FA4EE5100D4CFD5 /* OMDBSimpleClientUITests.swift in Sources */,
			);
			runOnlyForDeploymentPostprocessing = 0;
		};
/* End PBXSourcesBuildPhase section */

/* Begin PBXTargetDependency section */
		ECCA27D31FA4EE5100D4CFD5 /* PBXTargetDependency */ = {
			isa = PBXTargetDependency;
			target = ECCA27BC1FA4EE5100D4CFD5 /* OMDBSimpleClient */;
			targetProxy = ECCA27D21FA4EE5100D4CFD5 /* PBXContainerItemProxy */;
		};
		ECCA27DE1FA4EE5100D4CFD5 /* PBXTargetDependency */ = {
			isa = PBXTargetDependency;
			target = ECCA27BC1FA4EE5100D4CFD5 /* OMDBSimpleClient */;
			targetProxy = ECCA27DD1FA4EE5100D4CFD5 /* PBXContainerItemProxy */;
		};
/* End PBXTargetDependency section */

/* Begin PBXVariantGroup section */
		ECCA27C41FA4EE5100D4CFD5 /* Main.storyboard */ = {
			isa = PBXVariantGroup;
			children = (
				ECCA27C51FA4EE5100D4CFD5 /* Base */,
			);
			name = Main.storyboard;
			sourceTree = "<group>";
		};
		ECCA27C91FA4EE5100D4CFD5 /* LaunchScreen.storyboard */ = {
			isa = PBXVariantGroup;
			children = (
				ECCA27CA1FA4EE5100D4CFD5 /* Base */,
			);
			name = LaunchScreen.storyboard;
			sourceTree = "<group>";
		};
/* End PBXVariantGroup section */

/* Begin XCBuildConfiguration section */
		ECCA27E31FA4EE5100D4CFD5 /* Debug */ = {
			isa = XCBuildConfiguration;
			buildSettings = {
				ALWAYS_SEARCH_USER_PATHS = NO;
				CLANG_ANALYZER_NONNULL = YES;
				CLANG_ANALYZER_NUMBER_OBJECT_CONVERSION = YES_AGGRESSIVE;
				CLANG_CXX_LANGUAGE_STANDARD = "gnu++14";
				CLANG_CXX_LIBRARY = "libc++";
				CLANG_ENABLE_MODULES = YES;
				CLANG_ENABLE_OBJC_ARC = YES;
				CLANG_WARN_BLOCK_CAPTURE_AUTORELEASING = YES;
				CLANG_WARN_BOOL_CONVERSION = YES;
				CLANG_WARN_COMMA = YES;
				CLANG_WARN_CONSTANT_CONVERSION = YES;
				CLANG_WARN_DIRECT_OBJC_ISA_USAGE = YES_ERROR;
				CLANG_WARN_DOCUMENTATION_COMMENTS = YES;
				CLANG_WARN_EMPTY_BODY = YES;
				CLANG_WARN_ENUM_CONVERSION = YES;
				CLANG_WARN_INFINITE_RECURSION = YES;
				CLANG_WARN_INT_CONVERSION = YES;
				CLANG_WARN_NON_LITERAL_NULL_CONVERSION = YES;
				CLANG_WARN_OBJC_LITERAL_CONVERSION = YES;
				CLANG_WARN_OBJC_ROOT_CLASS = YES_ERROR;
				CLANG_WARN_RANGE_LOOP_ANALYSIS = YES;
				CLANG_WARN_STRICT_PROTOTYPES = YES;
				CLANG_WARN_SUSPICIOUS_MOVE = YES;
				CLANG_WARN_UNGUARDED_AVAILABILITY = YES_AGGRESSIVE;
				CLANG_WARN_UNREACHABLE_CODE = YES;
				CLANG_WARN__DUPLICATE_METHOD_MATCH = YES;
				CODE_SIGN_IDENTITY = "iPhone Developer";
				COPY_PHASE_STRIP = NO;
				DEBUG_INFORMATION_FORMAT = dwarf;
				ENABLE_STRICT_OBJC_MSGSEND = YES;
				ENABLE_TESTABILITY = YES;
				GCC_C_LANGUAGE_STANDARD = gnu11;
				GCC_DYNAMIC_NO_PIC = NO;
				GCC_NO_COMMON_BLOCKS = YES;
				GCC_OPTIMIZATION_LEVEL = 0;
				GCC_PREPROCESSOR_DEFINITIONS = (
					"DEBUG=1",
					"$(inherited)",
				);
				GCC_WARN_64_TO_32_BIT_CONVERSION = YES;
				GCC_WARN_ABOUT_RETURN_TYPE = YES_ERROR;
				GCC_WARN_UNDECLARED_SELECTOR = YES;
				GCC_WARN_UNINITIALIZED_AUTOS = YES_AGGRESSIVE;
				GCC_WARN_UNUSED_FUNCTION = YES;
				GCC_WARN_UNUSED_VARIABLE = YES;
				IPHONEOS_DEPLOYMENT_TARGET = 11.0;
				MTL_ENABLE_DEBUG_INFO = YES;
				ONLY_ACTIVE_ARCH = YES;
				SDKROOT = iphoneos;
				SWIFT_ACTIVE_COMPILATION_CONDITIONS = DEBUG;
				SWIFT_OPTIMIZATION_LEVEL = "-Onone";
			};
			name = Debug;
		};
		ECCA27E41FA4EE5100D4CFD5 /* Release */ = {
			isa = XCBuildConfiguration;
			buildSettings = {
				ALWAYS_SEARCH_USER_PATHS = NO;
				CLANG_ANALYZER_NONNULL = YES;
				CLANG_ANALYZER_NUMBER_OBJECT_CONVERSION = YES_AGGRESSIVE;
				CLANG_CXX_LANGUAGE_STANDARD = "gnu++14";
				CLANG_CXX_LIBRARY = "libc++";
				CLANG_ENABLE_MODULES = YES;
				CLANG_ENABLE_OBJC_ARC = YES;
				CLANG_WARN_BLOCK_CAPTURE_AUTORELEASING = YES;
				CLANG_WARN_BOOL_CONVERSION = YES;
				CLANG_WARN_COMMA = YES;
				CLANG_WARN_CONSTANT_CONVERSION = YES;
				CLANG_WARN_DIRECT_OBJC_ISA_USAGE = YES_ERROR;
				CLANG_WARN_DOCUMENTATION_COMMENTS = YES;
				CLANG_WARN_EMPTY_BODY = YES;
				CLANG_WARN_ENUM_CONVERSION = YES;
				CLANG_WARN_INFINITE_RECURSION = YES;
				CLANG_WARN_INT_CONVERSION = YES;
				CLANG_WARN_NON_LITERAL_NULL_CONVERSION = YES;
				CLANG_WARN_OBJC_LITERAL_CONVERSION = YES;
				CLANG_WARN_OBJC_ROOT_CLASS = YES_ERROR;
				CLANG_WARN_RANGE_LOOP_ANALYSIS = YES;
				CLANG_WARN_STRICT_PROTOTYPES = YES;
				CLANG_WARN_SUSPICIOUS_MOVE = YES;
				CLANG_WARN_UNGUARDED_AVAILABILITY = YES_AGGRESSIVE;
				CLANG_WARN_UNREACHABLE_CODE = YES;
				CLANG_WARN__DUPLICATE_METHOD_MATCH = YES;
				CODE_SIGN_IDENTITY = "iPhone Developer";
				COPY_PHASE_STRIP = NO;
				DEBUG_INFORMATION_FORMAT = "dwarf-with-dsym";
				ENABLE_NS_ASSERTIONS = NO;
				ENABLE_STRICT_OBJC_MSGSEND = YES;
				GCC_C_LANGUAGE_STANDARD = gnu11;
				GCC_NO_COMMON_BLOCKS = YES;
				GCC_WARN_64_TO_32_BIT_CONVERSION = YES;
				GCC_WARN_ABOUT_RETURN_TYPE = YES_ERROR;
				GCC_WARN_UNDECLARED_SELECTOR = YES;
				GCC_WARN_UNINITIALIZED_AUTOS = YES_AGGRESSIVE;
				GCC_WARN_UNUSED_FUNCTION = YES;
				GCC_WARN_UNUSED_VARIABLE = YES;
				IPHONEOS_DEPLOYMENT_TARGET = 11.0;
				MTL_ENABLE_DEBUG_INFO = NO;
				SDKROOT = iphoneos;
				SWIFT_OPTIMIZATION_LEVEL = "-Owholemodule";
				VALIDATE_PRODUCT = YES;
			};
			name = Release;
		};
		ECCA27E61FA4EE5100D4CFD5 /* Debug */ = {
			isa = XCBuildConfiguration;
			baseConfigurationReference = 6A6C4425E9EACEF99D031CDF /* Pods-OMDBSimpleClient.debug.xcconfig */;
			buildSettings = {
				ASSETCATALOG_COMPILER_APPICON_NAME = AppIcon;
				CODE_SIGN_STYLE = Automatic;
				INFOPLIST_FILE = OMDBSimpleClient/Info.plist;
				LD_RUNPATH_SEARCH_PATHS = "$(inherited) @executable_path/Frameworks";
				PRODUCT_BUNDLE_IDENTIFIER = br.com.danielsan.OMDBSimpleClient;
				PRODUCT_NAME = "$(TARGET_NAME)";
				SWIFT_VERSION = 4.0;
				TARGETED_DEVICE_FAMILY = "1,2";
			};
			name = Debug;
		};
		ECCA27E71FA4EE5100D4CFD5 /* Release */ = {
			isa = XCBuildConfiguration;
			baseConfigurationReference = FEA246D377F010BDEE292C37 /* Pods-OMDBSimpleClient.release.xcconfig */;
			buildSettings = {
				ASSETCATALOG_COMPILER_APPICON_NAME = AppIcon;
				CODE_SIGN_STYLE = Automatic;
				INFOPLIST_FILE = OMDBSimpleClient/Info.plist;
				LD_RUNPATH_SEARCH_PATHS = "$(inherited) @executable_path/Frameworks";
				PRODUCT_BUNDLE_IDENTIFIER = br.com.danielsan.OMDBSimpleClient;
				PRODUCT_NAME = "$(TARGET_NAME)";
				SWIFT_VERSION = 4.0;
				TARGETED_DEVICE_FAMILY = "1,2";
			};
			name = Release;
		};
		ECCA27E91FA4EE5100D4CFD5 /* Debug */ = {
			isa = XCBuildConfiguration;
			baseConfigurationReference = F369A8DEA0D088F627171A2A /* Pods-OMDBSimpleClientTests.debug.xcconfig */;
			buildSettings = {
				ALWAYS_EMBED_SWIFT_STANDARD_LIBRARIES = YES;
				BUNDLE_LOADER = "$(TEST_HOST)";
				CODE_SIGN_STYLE = Automatic;
				INFOPLIST_FILE = OMDBSimpleClientTests/Info.plist;
				LD_RUNPATH_SEARCH_PATHS = "$(inherited) @executable_path/Frameworks @loader_path/Frameworks";
				PRODUCT_BUNDLE_IDENTIFIER = br.com.danielsan.OMDBSimpleClientTests;
				PRODUCT_NAME = "$(TARGET_NAME)";
				SWIFT_VERSION = 4.0;
				TARGETED_DEVICE_FAMILY = "1,2";
				TEST_HOST = "$(BUILT_PRODUCTS_DIR)/OMDBSimpleClient.app/OMDBSimpleClient";
			};
			name = Debug;
		};
		ECCA27EA1FA4EE5100D4CFD5 /* Release */ = {
			isa = XCBuildConfiguration;
			baseConfigurationReference = DE0D922AF19E214C280F9FBF /* Pods-OMDBSimpleClientTests.release.xcconfig */;
			buildSettings = {
				ALWAYS_EMBED_SWIFT_STANDARD_LIBRARIES = YES;
				BUNDLE_LOADER = "$(TEST_HOST)";
				CODE_SIGN_STYLE = Automatic;
				INFOPLIST_FILE = OMDBSimpleClientTests/Info.plist;
				LD_RUNPATH_SEARCH_PATHS = "$(inherited) @executable_path/Frameworks @loader_path/Frameworks";
				PRODUCT_BUNDLE_IDENTIFIER = br.com.danielsan.OMDBSimpleClientTests;
				PRODUCT_NAME = "$(TARGET_NAME)";
				SWIFT_VERSION = 4.0;
				TARGETED_DEVICE_FAMILY = "1,2";
				TEST_HOST = "$(BUILT_PRODUCTS_DIR)/OMDBSimpleClient.app/OMDBSimpleClient";
			};
			name = Release;
		};
		ECCA27EC1FA4EE5100D4CFD5 /* Debug */ = {
			isa = XCBuildConfiguration;
			baseConfigurationReference = 612500EDA25B44AA4FDDBBCA /* Pods-OMDBSimpleClientUITests.debug.xcconfig */;
			buildSettings = {
				ALWAYS_EMBED_SWIFT_STANDARD_LIBRARIES = YES;
				CODE_SIGN_STYLE = Automatic;
				INFOPLIST_FILE = OMDBSimpleClientUITests/Info.plist;
				LD_RUNPATH_SEARCH_PATHS = "$(inherited) @executable_path/Frameworks @loader_path/Frameworks";
				PRODUCT_BUNDLE_IDENTIFIER = br.com.danielsan.OMDBSimpleClientUITests;
				PRODUCT_NAME = "$(TARGET_NAME)";
				SWIFT_VERSION = 4.0;
				TARGETED_DEVICE_FAMILY = "1,2";
				TEST_TARGET_NAME = OMDBSimpleClient;
			};
			name = Debug;
		};
		ECCA27ED1FA4EE5100D4CFD5 /* Release */ = {
			isa = XCBuildConfiguration;
			baseConfigurationReference = 917FC7185ED37F868FC62F7F /* Pods-OMDBSimpleClientUITests.release.xcconfig */;
			buildSettings = {
				ALWAYS_EMBED_SWIFT_STANDARD_LIBRARIES = YES;
				CODE_SIGN_STYLE = Automatic;
				INFOPLIST_FILE = OMDBSimpleClientUITests/Info.plist;
				LD_RUNPATH_SEARCH_PATHS = "$(inherited) @executable_path/Frameworks @loader_path/Frameworks";
				PRODUCT_BUNDLE_IDENTIFIER = br.com.danielsan.OMDBSimpleClientUITests;
				PRODUCT_NAME = "$(TARGET_NAME)";
				SWIFT_VERSION = 4.0;
				TARGETED_DEVICE_FAMILY = "1,2";
				TEST_TARGET_NAME = OMDBSimpleClient;
			};
			name = Release;
		};
/* End XCBuildConfiguration section */

/* Begin XCConfigurationList section */
		ECCA27B81FA4EE5100D4CFD5 /* Build configuration list for PBXProject "OMDBSimpleClient" */ = {
			isa = XCConfigurationList;
			buildConfigurations = (
				ECCA27E31FA4EE5100D4CFD5 /* Debug */,
				ECCA27E41FA4EE5100D4CFD5 /* Release */,
			);
			defaultConfigurationIsVisible = 0;
			defaultConfigurationName = Release;
		};
		ECCA27E51FA4EE5100D4CFD5 /* Build configuration list for PBXNativeTarget "OMDBSimpleClient" */ = {
			isa = XCConfigurationList;
			buildConfigurations = (
				ECCA27E61FA4EE5100D4CFD5 /* Debug */,
				ECCA27E71FA4EE5100D4CFD5 /* Release */,
			);
			defaultConfigurationIsVisible = 0;
			defaultConfigurationName = Release;
		};
		ECCA27E81FA4EE5100D4CFD5 /* Build configuration list for PBXNativeTarget "OMDBSimpleClientTests" */ = {
			isa = XCConfigurationList;
			buildConfigurations = (
				ECCA27E91FA4EE5100D4CFD5 /* Debug */,
				ECCA27EA1FA4EE5100D4CFD5 /* Release */,
			);
			defaultConfigurationIsVisible = 0;
			defaultConfigurationName = Release;
		};
		ECCA27EB1FA4EE5100D4CFD5 /* Build configuration list for PBXNativeTarget "OMDBSimpleClientUITests" */ = {
			isa = XCConfigurationList;
			buildConfigurations = (
				ECCA27EC1FA4EE5100D4CFD5 /* Debug */,
				ECCA27ED1FA4EE5100D4CFD5 /* Release */,
			);
			defaultConfigurationIsVisible = 0;
			defaultConfigurationName = Release;
		};
/* End XCConfigurationList section */
	};
	rootObject = ECCA27B51FA4EE5100D4CFD5 /* Project object */;
}
